# This file was autogenerated by uv via the following command:
#    uv pip compile requirements.txt --output-file requirements.lock
annotated-doc==0.0.5
    # via fastapi
annotated-types==0.8.0
    # via pydantic
anyio==4.15.1
    # via
    #   httpx
    #   starlette
av==16.1.0
    # via
    #   -r requirements.txt
    #   faster-whisper
certifi==2026.7.22
    # via
    #   httpcore
    #   httpx
click==8.5.0
    # via
    #   huggingface-hub
    #   uvicorn
colorama==0.4.6
    # via tqdm
ctranslate2==4.8.2
    # via
    #   -r requirements.txt
    #   faster-whisper
fastapi==0.142.2
    # via -r requirements.txt
faster-whisper==1.2.1
    # via -r requirements.txt
filelock==4.0.9
    # via huggingface-hub
flatbuffers==25.12.19
    # via onnxruntime
fsspec==2026.9.0
    # via huggingface-hub
h11==0.16.0
    # via
    #   httpcore
    #   uvicorn
hf-xet==1.6.0
    # via huggingface-hub
httpcore==1.0.9
    # via httpx
httpx==0.28.1
    # via huggingface-hub
huggingface-hub==1.33.0
    # via
    #   -r requirements.txt
    #   faster-whisper
    #   tokenizers
idna==3.20
    # via
    #   anyio
    #   httpx
numpy==2.5.3
    # via
    #   -r requirements.txt
    #   ctranslate2
    #   onnxruntime
    #   scipy
onnxruntime==1.30.0
    # via faster-whisper
opentelemetry-api==1.45.0
    # via fastapi
packaging==26.3
    # via
    #   huggingface-hub
    #   onnxruntime
protobuf==7.36.2
    # via onnxruntime
pyaudiowpatch==0.2.12.8
    # via -r requirements.txt
pydantic==2.13.5
    # via fastapi
pydantic-core==2.46.5
    # via pydantic
pyyaml==6.0.3
    # via
    #   ctranslate2
    #   huggingface-hub
scipy==1.18.1
    # via -r requirements.txt
sherpa-onnx==1.13.8
    # via -r requirements.txt
sherpa-onnx-core==1.13.8
    # via sherpa-onnx
starlette==1.7.0
    # via fastapi
tokenizers==0.23.2
    # via
    #   -r requirements.txt
    #   faster-whisper
tqdm==4.70.1
    # via
    #   faster-whisper
    #   huggingface-hub
typing-extensions==4.16.0
    # via
    #   anyio
    #   fastapi
    #   huggingface-hub
    #   opentelemetry-api
    #   pydantic
    #   pydantic-core
    #   starlette
    #   typing-inspection
typing-inspection==0.4.4
    # via
    #   fastapi
    #   pydantic
uvicorn==0.54.0
    # via -r requirements.txt
